
Microsoft Visual Studio Solution File, Format Version 12.00
Project("{2150E333-8FDC-42A3-9474-1A3956D46DE8}") = "1.PrimaryConstructors", "1.PrimaryConstructors", "{1A5904A9-FC8B-4AE9-9608-63DB7A24B803}"
EndProject
Project("{2150E333-8FDC-42A3-9474-1A3956D46DE8}") = "2.CollectionExpressions", "2.CollectionExpressions", "{7BA646E0-2F23-430A-AB01-158D0EDFF044}"
EndProject
Project("{2150E333-8FDC-42A3-9474-1A3956D46DE8}") = "3.RefReadonlyParameters", "3.RefReadonlyParameters", "{E1FDDBAF-7E4E-4078-80DE-3AF9631F84D7}"
EndProject
Project("{2150E333-8FDC-42A3-9474-1A3956D46DE8}") = "4.DefaultLambdaParameters", "4.DefaultLambdaParameters", "{C0B5E8E4-CD78-435D-8633-0A9DD9BE5900}"
EndProject
Project("{2150E333-8FDC-42A3-9474-1A3956D46DE8}") = "5.AliasAnyType", "5.AliasAnyType", "{A63D0E9C-2807-4F1E-828C-3318F999774E}"
EndProject
Project("{2150E333-8FDC-42A3-9474-1A3956D46DE8}") = "6.InlineArrays", "6.InlineArrays", "{4C8B72E3-2F44-4A0B-9217-3676FE861FBB}"
EndProject
Project("{2150E333-8FDC-42A3-9474-1A3956D46DE8}") = "7.ExperimentalAttr", "7.ExperimentalAttr", "{8C10161E-C447-4DF4-8CF7-D0C642EE252D}"
EndProject
Project("{2150E333-8FDC-42A3-9474-1A3956D46DE8}") = "8.Interceptors", "8.Interceptors", "{7AD37552-7C21-4C0E-9DB1-6E45ED2B5AA5}"
EndProject
Project("{FAE04EC0-301F-11D3-BF4B-00C04F79EFBC}") = "Showcase", "1.PrimaryConstructors\Showcase\Showcase.csproj", "{CFEE7A45-60ED-467D-8FFE-8D4BC82A84C1}"
EndProject
Project("{FAE04EC0-301F-11D3-BF4B-00C04F79EFBC}") = "Showcase", "2.CollectionExpressions\Showcase\Showcase.csproj", "{0F422501-C24A-452A-8E58-391A5BA7FA11}"
EndProject
Project("{FAE04EC0-301F-11D3-BF4B-00C04F79EFBC}") = "Showcase", "3.RefReadonlyParameters\Showcase\Showcase.csproj", "{2E52E287-D86E-437E-9869-1DF4723F427B}"
EndProject
Project("{FAE04EC0-301F-11D3-BF4B-00C04F79EFBC}") = "Showcase", "4.DefaultLambdaParameters\Showcase\Showcase.csproj", "{52BCFC45-D901-45C8-A879-3DE2141309D4}"
EndProject
Project("{FAE04EC0-301F-11D3-BF4B-00C04F79EFBC}") = "Showcase", "5.AliasAnyType\Showcase\Showcase.csproj", "{8E8A8307-5CB9-4559-BB60-5E521BAE9688}"
EndProject
Project("{FAE04EC0-301F-11D3-BF4B-00C04F79EFBC}") = "Showcase", "6.InlineArrays\Showcase\Showcase.csproj", "{F68A0FCD-55F3-4C78-8CEE-2C93C258AAA5}"
EndProject
Project("{FAE04EC0-301F-11D3-BF4B-00C04F79EFBC}") = "Showcase", "7.ExperimentalAttr\Showcase\Showcase.csproj", "{EF4B6813-2B39-4FD6-BCAB-CC279C674658}"
EndProject
Project("{FAE04EC0-301F-11D3-BF4B-00C04F79EFBC}") = "Showcase", "8.Interceptors\Showcase\Showcase.csproj", "{DCE833F2-C120-4E6D-9888-D4E5A66A7918}"
EndProject
Global
	GlobalSection(SolutionConfigurationPlatforms) = preSolution
		Debug|Any CPU = Debug|Any CPU
		Release|Any CPU = Release|Any CPU
	EndGlobalSection
	GlobalSection(NestedProjects) = preSolution
		{CFEE7A45-60ED-467D-8FFE-8D4BC82A84C1} = {1A5904A9-FC8B-4AE9-9608-63DB7A24B803}
		{0F422501-C24A-452A-8E58-391A5BA7FA11} = {7BA646E0-2F23-430A-AB01-158D0EDFF044}
		{2E52E287-D86E-437E-9869-1DF4723F427B} = {E1FDDBAF-7E4E-4078-80DE-3AF9631F84D7}
		{52BCFC45-D901-45C8-A879-3DE2141309D4} = {C0B5E8E4-CD78-435D-8633-0A9DD9BE5900}
		{8E8A8307-5CB9-4559-BB60-5E521BAE9688} = {A63D0E9C-2807-4F1E-828C-3318F999774E}
		{F68A0FCD-55F3-4C78-8CEE-2C93C258AAA5} = {4C8B72E3-2F44-4A0B-9217-3676FE861FBB}
		{EF4B6813-2B39-4FD6-BCAB-CC279C674658} = {8C10161E-C447-4DF4-8CF7-D0C642EE252D}
		{DCE833F2-C120-4E6D-9888-D4E5A66A7918} = {7AD37552-7C21-4C0E-9DB1-6E45ED2B5AA5}
	EndGlobalSection
	GlobalSection(ProjectConfigurationPlatforms) = postSolution
		{CFEE7A45-60ED-467D-8FFE-8D4BC82A84C1}.Debug|Any CPU.ActiveCfg = Debug|Any CPU
		{CFEE7A45-60ED-467D-8FFE-8D4BC82A84C1}.Debug|Any CPU.Build.0 = Debug|Any CPU
		{CFEE7A45-60ED-467D-8FFE-8D4BC82A84C1}.Release|Any CPU.ActiveCfg = Release|Any CPU
		{CFEE7A45-60ED-467D-8FFE-8D4BC82A84C1}.Release|Any CPU.Build.0 = Release|Any CPU
		{0F422501-C24A-452A-8E58-391A5BA7FA11}.Debug|Any CPU.ActiveCfg = Debug|Any CPU
		{0F422501-C24A-452A-8E58-391A5BA7FA11}.Debug|Any CPU.Build.0 = Debug|Any CPU
		{0F422501-C24A-452A-8E58-391A5BA7FA11}.Release|Any CPU.ActiveCfg = Release|Any CPU
		{0F422501-C24A-452A-8E58-391A5BA7FA11}.Release|Any CPU.Build.0 = Release|Any CPU
		{2E52E287-D86E-437E-9869-1DF4723F427B}.Debug|Any CPU.ActiveCfg = Debug|Any CPU
		{2E52E287-D86E-437E-9869-1DF4723F427B}.Debug|Any CPU.Build.0 = Debug|Any CPU
		{2E52E287-D86E-437E-9869-1DF4723F427B}.Release|Any CPU.ActiveCfg = Release|Any CPU
		{2E52E287-D86E-437E-9869-1DF4723F427B}.Release|Any CPU.Build.0 = Release|Any CPU
		{52BCFC45-D901-45C8-A879-3DE2141309D4}.Debug|Any CPU.ActiveCfg = Debug|Any CPU
		{52BCFC45-D901-45C8-A879-3DE2141309D4}.Debug|Any CPU.Build.0 = Debug|Any CPU
		{52BCFC45-D901-45C8-A879-3DE2141309D4}.Release|Any CPU.ActiveCfg = Release|Any CPU
		{52BCFC45-D901-45C8-A879-3DE2141309D4}.Release|Any CPU.Build.0 = Release|Any CPU
		{8E8A8307-5CB9-4559-BB60-5E521BAE9688}.Debug|Any CPU.ActiveCfg = Debug|Any CPU
		{8E8A8307-5CB9-4559-BB60-5E521BAE9688}.Debug|Any CPU.Build.0 = Debug|Any CPU
		{8E8A8307-5CB9-4559-BB60-5E521BAE9688}.Release|Any CPU.ActiveCfg = Release|Any CPU
		{8E8A8307-5CB9-4559-BB60-5E521BAE9688}.Release|Any CPU.Build.0 = Release|Any CPU
		{F68A0FCD-55F3-4C78-8CEE-2C93C258AAA5}.Debug|Any CPU.ActiveCfg = Debug|Any CPU
		{F68A0FCD-55F3-4C78-8CEE-2C93C258AAA5}.Debug|Any CPU.Build.0 = Debug|Any CPU
		{F68A0FCD-55F3-4C78-8CEE-2C93C258AAA5}.Release|Any CPU.ActiveCfg = Release|Any CPU
		{F68A0FCD-55F3-4C78-8CEE-2C93C258AAA5}.Release|Any CPU.Build.0 = Release|Any CPU
		{EF4B6813-2B39-4FD6-BCAB-CC279C674658}.Debug|Any CPU.ActiveCfg = Debug|Any CPU
		{EF4B6813-2B39-4FD6-BCAB-CC279C674658}.Debug|Any CPU.Build.0 = Debug|Any CPU
		{EF4B6813-2B39-4FD6-BCAB-CC279C674658}.Release|Any CPU.ActiveCfg = Release|Any CPU
		{EF4B6813-2B39-4FD6-BCAB-CC279C674658}.Release|Any CPU.Build.0 = Release|Any CPU
		{DCE833F2-C120-4E6D-9888-D4E5A66A7918}.Debug|Any CPU.ActiveCfg = Debug|Any CPU
		{DCE833F2-C120-4E6D-9888-D4E5A66A7918}.Debug|Any CPU.Build.0 = Debug|Any CPU
		{DCE833F2-C120-4E6D-9888-D4E5A66A7918}.Release|Any CPU.ActiveCfg = Release|Any CPU
		{DCE833F2-C120-4E6D-9888-D4E5A66A7918}.Release|Any CPU.Build.0 = Release|Any CPU
	EndGlobalSection
EndGlobal
